
Microsoft Visual Studio Solution File, Format Version 12.00
# Visual Studio Version 16
VisualStudioVersion = 16.0.29911.84
MinimumVisualStudioVersion = 10.0.40219.1
Project("{FAE04EC0-301F-11D3-BF4B-00C04F79EFBC}") = "SayHello", "wpfstudy\SayHello.csproj", "{15E7A460-CD9F-40C1-B2F5-BA381376DC51}"
EndProject
Project("{FAE04EC0-301F-11D3-BF4B-00C04F79EFBC}") = "HandleAnEvent", "HandleAnEvent\HandleAnEvent.csproj", "{E8CC17F9-5E26-461C-AED5-314D45A7A2A9}"
EndProject
Project("{FAE04EC0-301F-11D3-BF4B-00C04F79EFBC}") = "InheritTheApp", "InheritTheApp\InheritTheApp.csproj", "{77BAFA1F-F33E-453A-9831-44FE67EF969E}"
EndProject
Project("{FAE04EC0-301F-11D3-BF4B-00C04F79EFBC}") = "ThrowWindowParty", "ThrowWindowParty\ThrowWindowParty.csproj", "{7E4047A9-663E-48E8-A7F9-FE226600C661}"
EndProject
Project("{FAE04EC0-301F-11D3-BF4B-00C04F79EFBC}") = "InheritAppAndWindow", "InheritAppAndWindow\InheritAppAndWindow.csproj", "{275D196A-ED5B-4B85-9352-055A33B527A7}"
EndProject
Project("{FAE04EC0-301F-11D3-BF4B-00C04F79EFBC}") = "GrowAndShrink", "GrowAndShrink\GrowAndShrink.csproj", "{44534C24-CFDE-4AA7-8075-6F35B1567939}"
EndProject
Project("{FAE04EC0-301F-11D3-BF4B-00C04F79EFBC}") = "ClickTheButton", "ClickTheButton\ClickTheButton.csproj", "{0403FBF9-6485-4DED-AB0D-8E92677F2DF0}"
EndProject
Project("{FAE04EC0-301F-11D3-BF4B-00C04F79EFBC}") = "SetFontSizeProperty(의존프로퍼티)", "SetFontSizeProperty(의존프로퍼티)\SetFontSizeProperty(의존프로퍼티).csproj", "{AF3D0967-FA66-4FEF-89A6-115D4963516F}"
EndProject
Project("{FAE04EC0-301F-11D3-BF4B-00C04F79EFBC}") = "SpaceButton(의존프로퍼티)", "SpaceButton(의존프로퍼티)\SpaceButton(의존프로퍼티).csproj", "{2EA843FF-F47D-48B9-9C45-6A20E6E2367D}"
EndProject
Project("{9A19103F-16F7-4668-BE54-9A1E7A4F7556}") = "Class", "Class\Class.csproj", "{E35FC8CE-D1E8-4449-89C2-EAD429EF4D0E}"
EndProject
Project("{9A19103F-16F7-4668-BE54-9A1E7A4F7556}") = "Overriding", "Overriding\Overriding.csproj", "{C69FAFBE-A4A5-4BF4-A8F1-CDE80F3F3E1E}"
EndProject
Project("{9A19103F-16F7-4668-BE54-9A1E7A4F7556}") = "Interface", "Interface\Interface.csproj", "{FA78F1AB-95A3-4851-9FC8-C7C824C7EB35}"
EndProject
Project("{9A19103F-16F7-4668-BE54-9A1E7A4F7556}") = "DerivedInterface", "DerivedInterface\DerivedInterface.csproj", "{BCB09EB0-4A8E-48F1-AA97-28EFC2D02F09}"
EndProject
Project("{9A19103F-16F7-4668-BE54-9A1E7A4F7556}") = "MultiInterfaceInheritance", "MultiInterfaceInheritance\MultiInterfaceInheritance.csproj", "{208149F8-8242-403D-971F-831DC24CDE6B}"
EndProject
Project("{9A19103F-16F7-4668-BE54-9A1E7A4F7556}") = "AbstractClass", "AbstractClass\AbstractClass\AbstractClass.csproj", "{BA8F51AA-8629-455D-8AED-EE366703AC1C}"
EndProject
Project("{9A19103F-16F7-4668-BE54-9A1E7A4F7556}") = "Delegate", "Delegate\Delegate.csproj", "{DFFD9BE3-3634-4CEB-8B56-5C6D4B21E8B8}"
EndProject
Project("{9A19103F-16F7-4668-BE54-9A1E7A4F7556}") = "UsingCallback", "UsingCallback\UsingCallback.csproj", "{BCC47521-1FA1-46A8-918E-18DA8831BE67}"
EndProject
Project("{9A19103F-16F7-4668-BE54-9A1E7A4F7556}") = "DelegateChains", "DelegateChains\DelegateChains.csproj", "{CCBB749C-E6C2-42CF-B6C9-F230AC04867D}"
EndProject
Project("{9A19103F-16F7-4668-BE54-9A1E7A4F7556}") = "EventTest", "EventTest\EventTest.csproj", "{9E555482-928A-4B76-AAF6-03D04EE173D0}"
EndProject
Project("{9A19103F-16F7-4668-BE54-9A1E7A4F7556}") = "EventExampleTest", "EventExampleTest\EventExampleTest.csproj", "{69B4BFDC-FD71-4D63-BAD0-FE3CA93943E2}"
EndProject
Project("{9A19103F-16F7-4668-BE54-9A1E7A4F7556}") = "FuncTest", "FuncTest\FuncTest.csproj", "{2E1A683C-FE46-4534-B9B2-D4DB14A6D6A9}"
EndProject
Project("{9A19103F-16F7-4668-BE54-9A1E7A4F7556}") = "ActionTest", "ActionTest\ActionTest.csproj", "{51F5D79B-A159-45C9-8F7B-DB1BBDD4F0A6}"
EndProject
Project("{9A19103F-16F7-4668-BE54-9A1E7A4F7556}") = "UsingExpressionTree", "UsingExpressionTree\UsingExpressionTree.csproj", "{D78927D7-C574-4579-8ADB-9F03A7CC724E}"
EndProject
Project("{FAE04EC0-301F-11D3-BF4B-00C04F79EFBC}") = "ExamineRoutedEvents", "ExamineRoutedEvents\ExamineRoutedEvents.csproj", "{821AB754-C542-4FD2-ADAA-C46E58AC5733}"
EndProject
Project("{FAE04EC0-301F-11D3-BF4B-00C04F79EFBC}") = "XamlStackPanel", "XamlStackPanel\XamlStackPanel.csproj", "{5A82D144-F8F7-4086-92B7-1AB996EDE3AD}"
EndProject
Project("{FAE04EC0-301F-11D3-BF4B-00C04F79EFBC}") = "LoadXamlFile", "LoadXamlFile\LoadXamlFile.csproj", "{1D319BC9-369A-454C-8F80-143BB2AB42C8}"
EndProject
Project("{FAE04EC0-301F-11D3-BF4B-00C04F79EFBC}") = "CompileXamlWindow", "CompileXamlWindow\CompileXamlWindow.csproj", "{7EAD8006-4628-4FB4-A07C-C29FCD874F6D}"
EndProject
Project("{FAE04EC0-301F-11D3-BF4B-00C04F79EFBC}") = "ListColorNames", "ListColorNames\ListColorNames.csproj", "{AC3FB1E4-B36D-4517-A4AD-C50705EF2E44}"
EndProject
Project("{FAE04EC0-301F-11D3-BF4B-00C04F79EFBC}") = "ResourceLookupDemo", "ResourceLookupDemo\ResourceLookupDemo.csproj", "{CBBDE931-EF7A-4636-899A-0A5183219CCA}"
EndProject
Project("{FAE04EC0-301F-11D3-BF4B-00C04F79EFBC}") = "GradientBrushResourceDemo", "GradientBrushResourceDemo\GradientBrushResourceDemo.csproj", "{92C7F546-BBEE-4832-8AA0-CE45A98E706C}"
EndProject
Project("{FAE04EC0-301F-11D3-BF4B-00C04F79EFBC}") = "BindLabelToScrollBar", "BindLabelToScrollBar\BindLabelToScrollBar.csproj", "{588CD603-3510-4110-89BE-BA6B265BFDBB}"
EndProject
Project("{FAE04EC0-301F-11D3-BF4B-00C04F79EFBC}") = "TwoBindings", "TwoBindings\TwoBindings.csproj", "{AAA71487-E854-4003-8F5A-7B6CB7797193}"
EndProject
Project("{FAE04EC0-301F-11D3-BF4B-00C04F79EFBC}") = "CustomElementBinding", "CustomElementBinding\CustomElementBinding.csproj", "{5FD9888F-A239-4AB6-852C-CA6393BAE76A}"
EndProject
Global
	GlobalSection(SolutionConfigurationPlatforms) = preSolution
		Debug|Any CPU = Debug|Any CPU
		Debug|x64 = Debug|x64
		Debug|x86 = Debug|x86
		Release|Any CPU = Release|Any CPU
		Release|x64 = Release|x64
		Release|x86 = Release|x86
	EndGlobalSection
	GlobalSection(ProjectConfigurationPlatforms) = postSolution
		{15E7A460-CD9F-40C1-B2F5-BA381376DC51}.Debug|Any CPU.ActiveCfg = Debug|Any CPU
		{15E7A460-CD9F-40C1-B2F5-BA381376DC51}.Debug|Any CPU.Build.0 = Debug|Any CPU
		{15E7A460-CD9F-40C1-B2F5-BA381376DC51}.Debug|x64.ActiveCfg = Debug|Any CPU
		{15E7A460-CD9F-40C1-B2F5-BA381376DC51}.Debug|x64.Build.0 = Debug|Any CPU
		{15E7A460-CD9F-40C1-B2F5-BA381376DC51}.Debug|x86.ActiveCfg = Debug|Any CPU
		{15E7A460-CD9F-40C1-B2F5-BA381376DC51}.Debug|x86.Build.0 = Debug|Any CPU
		{15E7A460-CD9F-40C1-B2F5-BA381376DC51}.Release|Any CPU.ActiveCfg = Release|Any CPU
		{15E7A460-CD9F-40C1-B2F5-BA381376DC51}.Release|Any CPU.Build.0 = Release|Any CPU
		{15E7A460-CD9F-40C1-B2F5-BA381376DC51}.Release|x64.ActiveCfg = Release|Any CPU
		{15E7A460-CD9F-40C1-B2F5-BA381376DC51}.Release|x64.Build.0 = Release|Any CPU
		{15E7A460-CD9F-40C1-B2F5-BA381376DC51}.Release|x86.ActiveCfg = Release|Any CPU
		{15E7A460-CD9F-40C1-B2F5-BA381376DC51}.Release|x86.Build.0 = Release|Any CPU
		{E8CC17F9-5E26-461C-AED5-314D45A7A2A9}.Debug|Any CPU.ActiveCfg = Debug|Any CPU
		{E8CC17F9-5E26-461C-AED5-314D45A7A2A9}.Debug|Any CPU.Build.0 = Debug|Any CPU
		{E8CC17F9-5E26-461C-AED5-314D45A7A2A9}.Debug|x64.ActiveCfg = Debug|Any CPU
		{E8CC17F9-5E26-461C-AED5-314D45A7A2A9}.Debug|x64.Build.0 = Debug|Any CPU
		{E8CC17F9-5E26-461C-AED5-314D45A7A2A9}.Debug|x86.ActiveCfg = Debug|Any CPU
		{E8CC17F9-5E26-461C-AED5-314D45A7A2A9}.Debug|x86.Build.0 = Debug|Any CPU
		{E8CC17F9-5E26-461C-AED5-314D45A7A2A9}.Release|Any CPU.ActiveCfg = Release|Any CPU
		{E8CC17F9-5E26-461C-AED5-314D45A7A2A9}.Release|Any CPU.Build.0 = Release|Any CPU
		{E8CC17F9-5E26-461C-AED5-314D45A7A2A9}.Release|x64.ActiveCfg = Release|Any CPU
		{E8CC17F9-5E26-461C-AED5-314D45A7A2A9}.Release|x64.Build.0 = Release|Any CPU
		{E8CC17F9-5E26-461C-AED5-314D45A7A2A9}.Release|x86.ActiveCfg = Release|Any CPU
		{E8CC17F9-5E26-461C-AED5-314D45A7A2A9}.Release|x86.Build.0 = Release|Any CPU
		{77BAFA1F-F33E-453A-9831-44FE67EF969E}.Debug|Any CPU.ActiveCfg = Debug|Any CPU
		{77BAFA1F-F33E-453A-9831-44FE67EF969E}.Debug|Any CPU.Build.0 = Debug|Any CPU
		{77BAFA1F-F33E-453A-9831-44FE67EF969E}.Debug|x64.ActiveCfg = Debug|Any CPU
		{77BAFA1F-F33E-453A-9831-44FE67EF969E}.Debug|x64.Build.0 = Debug|Any CPU
		{77BAFA1F-F33E-453A-9831-44FE67EF969E}.Debug|x86.ActiveCfg = Debug|Any CPU
		{77BAFA1F-F33E-453A-9831-44FE67EF969E}.Debug|x86.Build.0 = Debug|Any CPU
		{77BAFA1F-F33E-453A-9831-44FE67EF969E}.Release|Any CPU.ActiveCfg = Release|Any CPU
		{77BAFA1F-F33E-453A-9831-44FE67EF969E}.Release|Any CPU.Build.0 = Release|Any CPU
		{77BAFA1F-F33E-453A-9831-44FE67EF969E}.Release|x64.ActiveCfg = Release|Any CPU
		{77BAFA1F-F33E-453A-9831-44FE67EF969E}.Release|x64.Build.0 = Release|Any CPU
		{77BAFA1F-F33E-453A-9831-44FE67EF969E}.Release|x86.ActiveCfg = Release|Any CPU
		{77BAFA1F-F33E-453A-9831-44FE67EF969E}.Release|x86.Build.0 = Release|Any CPU
		{7E4047A9-663E-48E8-A7F9-FE226600C661}.Debug|Any CPU.ActiveCfg = Debug|Any CPU
		{7E4047A9-663E-48E8-A7F9-FE226600C661}.Debug|Any CPU.Build.0 = Debug|Any CPU
		{7E4047A9-663E-48E8-A7F9-FE226600C661}.Debug|x64.ActiveCfg = Debug|Any CPU
		{7E4047A9-663E-48E8-A7F9-FE226600C661}.Debug|x64.Build.0 = Debug|Any CPU
		{7E4047A9-663E-48E8-A7F9-FE226600C661}.Debug|x86.ActiveCfg = Debug|Any CPU
		{7E4047A9-663E-48E8-A7F9-FE226600C661}.Debug|x86.Build.0 = Debug|Any CPU
		{7E4047A9-663E-48E8-A7F9-FE226600C661}.Release|Any CPU.ActiveCfg = Release|Any CPU
		{7E4047A9-663E-48E8-A7F9-FE226600C661}.Release|Any CPU.Build.0 = Release|Any CPU
		{7E4047A9-663E-48E8-A7F9-FE226600C661}.Release|x64.ActiveCfg = Release|Any CPU
		{7E4047A9-663E-48E8-A7F9-FE226600C661}.Release|x64.Build.0 = Release|Any CPU
		{7E4047A9-663E-48E8-A7F9-FE226600C661}.Release|x86.ActiveCfg = Release|Any CPU
		{7E4047A9-663E-48E8-A7F9-FE226600C661}.Release|x86.Build.0 = Release|Any CPU
		{275D196A-ED5B-4B85-9352-055A33B527A7}.Debug|Any CPU.ActiveCfg = Debug|Any CPU
		{275D196A-ED5B-4B85-9352-055A33B527A7}.Debug|Any CPU.Build.0 = Debug|Any CPU
		{275D196A-ED5B-4B85-9352-055A33B527A7}.Debug|x64.ActiveCfg = Debug|Any CPU
		{275D196A-ED5B-4B85-9352-055A33B527A7}.Debug|x64.Build.0 = Debug|Any CPU
		{275D196A-ED5B-4B85-9352-055A33B527A7}.Debug|x86.ActiveCfg = Debug|Any CPU
		{275D196A-ED5B-4B85-9352-055A33B527A7}.Debug|x86.Build.0 = Debug|Any CPU
		{275D196A-ED5B-4B85-9352-055A33B527A7}.Release|Any CPU.ActiveCfg = Release|Any CPU
		{275D196A-ED5B-4B85-9352-055A33B527A7}.Release|Any CPU.Build.0 = Release|Any CPU
		{275D196A-ED5B-4B85-9352-055A33B527A7}.Release|x64.ActiveCfg = Release|Any CPU
		{275D196A-ED5B-4B85-9352-055A33B527A7}.Release|x64.Build.0 = Release|Any CPU
		{275D196A-ED5B-4B85-9352-055A33B527A7}.Release|x86.ActiveCfg = Release|Any CPU
		{275D196A-ED5B-4B85-9352-055A33B527A7}.Release|x86.Build.0 = Release|Any CPU
		{44534C24-CFDE-4AA7-8075-6F35B1567939}.Debug|Any CPU.ActiveCfg = Debug|Any CPU
		{44534C24-CFDE-4AA7-8075-6F35B1567939}.Debug|Any CPU.Build.0 = Debug|Any CPU
		{44534C24-CFDE-4AA7-8075-6F35B1567939}.Debug|x64.ActiveCfg = Debug|Any CPU
		{44534C24-CFDE-4AA7-8075-6F35B1567939}.Debug|x64.Build.0 = Debug|Any CPU
		{44534C24-CFDE-4AA7-8075-6F35B1567939}.Debug|x86.ActiveCfg = Debug|Any CPU
		{44534C24-CFDE-4AA7-8075-6F35B1567939}.Debug|x86.Build.0 = Debug|Any CPU
		{44534C24-CFDE-4AA7-8075-6F35B1567939}.Release|Any CPU.ActiveCfg = Release|Any CPU
		{44534C24-CFDE-4AA7-8075-6F35B1567939}.Release|Any CPU.Build.0 = Release|Any CPU
		{44534C24-CFDE-4AA7-8075-6F35B1567939}.Release|x64.ActiveCfg = Release|Any CPU
		{44534C24-CFDE-4AA7-8075-6F35B1567939}.Release|x64.Build.0 = Release|Any CPU
		{44534C24-CFDE-4AA7-8075-6F35B1567939}.Release|x86.ActiveCfg = Release|Any CPU
		{44534C24-CFDE-4AA7-8075-6F35B1567939}.Release|x86.Build.0 = Release|Any CPU
		{0403FBF9-6485-4DED-AB0D-8E92677F2DF0}.Debug|Any CPU.ActiveCfg = Debug|Any CPU
		{0403FBF9-6485-4DED-AB0D-8E92677F2DF0}.Debug|Any CPU.Build.0 = Debug|Any CPU
		{0403FBF9-6485-4DED-AB0D-8E92677F2DF0}.Debug|x64.ActiveCfg = Debug|Any CPU
		{0403FBF9-6485-4DED-AB0D-8E92677F2DF0}.Debug|x64.Build.0 = Debug|Any CPU
		{0403FBF9-6485-4DED-AB0D-8E92677F2DF0}.Debug|x86.ActiveCfg = Debug|Any CPU
		{0403FBF9-6485-4DED-AB0D-8E92677F2DF0}.Debug|x86.Build.0 = Debug|Any CPU
		{0403FBF9-6485-4DED-AB0D-8E92677F2DF0}.Release|Any CPU.ActiveCfg = Release|Any CPU
		{0403FBF9-6485-4DED-AB0D-8E92677F2DF0}.Release|Any CPU.Build.0 = Release|Any CPU
		{0403FBF9-6485-4DED-AB0D-8E92677F2DF0}.Release|x64.ActiveCfg = Release|Any CPU
		{0403FBF9-6485-4DED-AB0D-8E92677F2DF0}.Release|x64.Build.0 = Release|Any CPU
		{0403FBF9-6485-4DED-AB0D-8E92677F2DF0}.Release|x86.ActiveCfg = Release|Any CPU
		{0403FBF9-6485-4DED-AB0D-8E92677F2DF0}.Release|x86.Build.0 = Release|Any CPU
		{AF3D0967-FA66-4FEF-89A6-115D4963516F}.Debug|Any CPU.ActiveCfg = Debug|Any CPU
		{AF3D0967-FA66-4FEF-89A6-115D4963516F}.Debug|Any CPU.Build.0 = Debug|Any CPU
		{AF3D0967-FA66-4FEF-89A6-115D4963516F}.Debug|x64.ActiveCfg = Debug|Any CPU
		{AF3D0967-FA66-4FEF-89A6-115D4963516F}.Debug|x64.Build.0 = Debug|Any CPU
		{AF3D0967-FA66-4FEF-89A6-115D4963516F}.Debug|x86.ActiveCfg = Debug|Any CPU
		{AF3D0967-FA66-4FEF-89A6-115D4963516F}.Debug|x86.Build.0 = Debug|Any CPU
		{AF3D0967-FA66-4FEF-89A6-115D4963516F}.Release|Any CPU.ActiveCfg = Release|Any CPU
		{AF3D0967-FA66-4FEF-89A6-115D4963516F}.Release|Any CPU.Build.0 = Release|Any CPU
		{AF3D0967-FA66-4FEF-89A6-115D4963516F}.Release|x64.ActiveCfg = Release|Any CPU
		{AF3D0967-FA66-4FEF-89A6-115D4963516F}.Release|x64.Build.0 = Release|Any CPU
		{AF3D0967-FA66-4FEF-89A6-115D4963516F}.Release|x86.ActiveCfg = Release|Any CPU
		{AF3D0967-FA66-4FEF-89A6-115D4963516F}.Release|x86.Build.0 = Release|Any CPU
		{2EA843FF-F47D-48B9-9C45-6A20E6E2367D}.Debug|Any CPU.ActiveCfg = Debug|Any CPU
		{2EA843FF-F47D-48B9-9C45-6A20E6E2367D}.Debug|Any CPU.Build.0 = Debug|Any CPU
		{2EA843FF-F47D-48B9-9C45-6A20E6E2367D}.Debug|x64.ActiveCfg = Debug|Any CPU
		{2EA843FF-F47D-48B9-9C45-6A20E6E2367D}.Debug|x64.Build.0 = Debug|Any CPU
		{2EA843FF-F47D-48B9-9C45-6A20E6E2367D}.Debug|x86.ActiveCfg = Debug|Any CPU
		{2EA843FF-F47D-48B9-9C45-6A20E6E2367D}.Debug|x86.Build.0 = Debug|Any CPU
		{2EA843FF-F47D-48B9-9C45-6A20E6E2367D}.Release|Any CPU.ActiveCfg = Release|Any CPU
		{2EA843FF-F47D-48B9-9C45-6A20E6E2367D}.Release|Any CPU.Build.0 = Release|Any CPU
		{2EA843FF-F47D-48B9-9C45-6A20E6E2367D}.Release|x64.ActiveCfg = Release|Any CPU
		{2EA843FF-F47D-48B9-9C45-6A20E6E2367D}.Release|x64.Build.0 = Release|Any CPU
		{2EA843FF-F47D-48B9-9C45-6A20E6E2367D}.Release|x86.ActiveCfg = Release|Any CPU
		{2EA843FF-F47D-48B9-9C45-6A20E6E2367D}.Release|x86.Build.0 = Release|Any CPU
		{E35FC8CE-D1E8-4449-89C2-EAD429EF4D0E}.Debug|Any CPU.ActiveCfg = Debug|Any CPU
		{E35FC8CE-D1E8-4449-89C2-EAD429EF4D0E}.Debug|Any CPU.Build.0 = Debug|Any CPU
		{E35FC8CE-D1E8-4449-89C2-EAD429EF4D0E}.Debug|x64.ActiveCfg = Debug|Any CPU
		{E35FC8CE-D1E8-4449-89C2-EAD429EF4D0E}.Debug|x64.Build.0 = Debug|Any CPU
		{E35FC8CE-D1E8-4449-89C2-EAD429EF4D0E}.Debug|x86.ActiveCfg = Debug|Any CPU
		{E35FC8CE-D1E8-4449-89C2-EAD429EF4D0E}.Debug|x86.Build.0 = Debug|Any CPU
		{E35FC8CE-D1E8-4449-89C2-EAD429EF4D0E}.Release|Any CPU.ActiveCfg = Release|Any CPU
		{E35FC8CE-D1E8-4449-89C2-EAD429EF4D0E}.Release|Any CPU.Build.0 = Release|Any CPU
		{E35FC8CE-D1E8-4449-89C2-EAD429EF4D0E}.Release|x64.ActiveCfg = Release|Any CPU
		{E35FC8CE-D1E8-4449-89C2-EAD429EF4D0E}.Release|x64.Build.0 = Release|Any CPU
		{E35FC8CE-D1E8-4449-89C2-EAD429EF4D0E}.Release|x86.ActiveCfg = Release|Any CPU
		{E35FC8CE-D1E8-4449-89C2-EAD429EF4D0E}.Release|x86.Build.0 = Release|Any CPU
		{C69FAFBE-A4A5-4BF4-A8F1-CDE80F3F3E1E}.Debug|Any CPU.ActiveCfg = Debug|Any CPU
		{C69FAFBE-A4A5-4BF4-A8F1-CDE80F3F3E1E}.Debug|Any CPU.Build.0 = Debug|Any CPU
		{C69FAFBE-A4A5-4BF4-A8F1-CDE80F3F3E1E}.Debug|x64.ActiveCfg = Debug|Any CPU
		{C69FAFBE-A4A5-4BF4-A8F1-CDE80F3F3E1E}.Debug|x64.Build.0 = Debug|Any CPU
		{C69FAFBE-A4A5-4BF4-A8F1-CDE80F3F3E1E}.Debug|x86.ActiveCfg = Debug|Any CPU
		{C69FAFBE-A4A5-4BF4-A8F1-CDE80F3F3E1E}.Debug|x86.Build.0 = Debug|Any CPU
		{C69FAFBE-A4A5-4BF4-A8F1-CDE80F3F3E1E}.Release|Any CPU.ActiveCfg = Release|Any CPU
		{C69FAFBE-A4A5-4BF4-A8F1-CDE80F3F3E1E}.Release|Any CPU.Build.0 = Release|Any CPU
		{C69FAFBE-A4A5-4BF4-A8F1-CDE80F3F3E1E}.Release|x64.ActiveCfg = Release|Any CPU
		{C69FAFBE-A4A5-4BF4-A8F1-CDE80F3F3E1E}.Release|x64.Build.0 = Release|Any CPU
		{C69FAFBE-A4A5-4BF4-A8F1-CDE80F3F3E1E}.Release|x86.ActiveCfg = Release|Any CPU
		{C69FAFBE-A4A5-4BF4-A8F1-CDE80F3F3E1E}.Release|x86.Build.0 = Release|Any CPU
		{FA78F1AB-95A3-4851-9FC8-C7C824C7EB35}.Debug|Any CPU.ActiveCfg = Debug|Any CPU
		{FA78F1AB-95A3-4851-9FC8-C7C824C7EB35}.Debug|Any CPU.Build.0 = Debug|Any CPU
		{FA78F1AB-95A3-4851-9FC8-C7C824C7EB35}.Debug|x64.ActiveCfg = Debug|Any CPU
		{FA78F1AB-95A3-4851-9FC8-C7C824C7EB35}.Debug|x64.Build.0 = Debug|Any CPU
		{FA78F1AB-95A3-4851-9FC8-C7C824C7EB35}.Debug|x86.ActiveCfg = Debug|Any CPU
		{FA78F1AB-95A3-4851-9FC8-C7C824C7EB35}.Debug|x86.Build.0 = Debug|Any CPU
		{FA78F1AB-95A3-4851-9FC8-C7C824C7EB35}.Release|Any CPU.ActiveCfg = Release|Any CPU
		{FA78F1AB-95A3-4851-9FC8-C7C824C7EB35}.Release|Any CPU.Build.0 = Release|Any CPU
		{FA78F1AB-95A3-4851-9FC8-C7C824C7EB35}.Release|x64.ActiveCfg = Release|Any CPU
		{FA78F1AB-95A3-4851-9FC8-C7C824C7EB35}.Release|x64.Build.0 = Release|Any CPU
		{FA78F1AB-95A3-4851-9FC8-C7C824C7EB35}.Release|x86.ActiveCfg = Release|Any CPU
		{FA78F1AB-95A3-4851-9FC8-C7C824C7EB35}.Release|x86.Build.0 = Release|Any CPU
		{BCB09EB0-4A8E-48F1-AA97-28EFC2D02F09}.Debug|Any CPU.ActiveCfg = Debug|Any CPU
		{BCB09EB0-4A8E-48F1-AA97-28EFC2D02F09}.Debug|Any CPU.Build.0 = Debug|Any CPU
		{BCB09EB0-4A8E-48F1-AA97-28EFC2D02F09}.Debug|x64.ActiveCfg = Debug|Any CPU
		{BCB09EB0-4A8E-48F1-AA97-28EFC2D02F09}.Debug|x64.Build.0 = Debug|Any CPU
		{BCB09EB0-4A8E-48F1-AA97-28EFC2D02F09}.Debug|x86.ActiveCfg = Debug|Any CPU
		{BCB09EB0-4A8E-48F1-AA97-28EFC2D02F09}.Debug|x86.Build.0 = Debug|Any CPU
		{BCB09EB0-4A8E-48F1-AA97-28EFC2D02F09}.Release|Any CPU.ActiveCfg = Release|Any CPU
		{BCB09EB0-4A8E-48F1-AA97-28EFC2D02F09}.Release|Any CPU.Build.0 = Release|Any CPU
		{BCB09EB0-4A8E-48F1-AA97-28EFC2D02F09}.Release|x64.ActiveCfg = Release|Any CPU
		{BCB09EB0-4A8E-48F1-AA97-28EFC2D02F09}.Release|x64.Build.0 = Release|Any CPU
		{BCB09EB0-4A8E-48F1-AA97-28EFC2D02F09}.Release|x86.ActiveCfg = Release|Any CPU
		{BCB09EB0-4A8E-48F1-AA97-28EFC2D02F09}.Release|x86.Build.0 = Release|Any CPU
		{208149F8-8242-403D-971F-831DC24CDE6B}.Debug|Any CPU.ActiveCfg = Debug|Any CPU
		{208149F8-8242-403D-971F-831DC24CDE6B}.Debug|Any CPU.Build.0 = Debug|Any CPU
		{208149F8-8242-403D-971F-831DC24CDE6B}.Debug|x64.ActiveCfg = Debug|Any CPU
		{208149F8-8242-403D-971F-831DC24CDE6B}.Debug|x64.Build.0 = Debug|Any CPU
		{208149F8-8242-403D-971F-831DC24CDE6B}.Debug|x86.ActiveCfg = Debug|Any CPU
		{208149F8-8242-403D-971F-831DC24CDE6B}.Debug|x86.Build.0 = Debug|Any CPU
		{208149F8-8242-403D-971F-831DC24CDE6B}.Release|Any CPU.ActiveCfg = Release|Any CPU
		{208149F8-8242-403D-971F-831DC24CDE6B}.Release|Any CPU.Build.0 = Release|Any CPU
		{208149F8-8242-403D-971F-831DC24CDE6B}.Release|x64.ActiveCfg = Release|Any CPU
		{208149F8-8242-403D-971F-831DC24CDE6B}.Release|x64.Build.0 = Release|Any CPU
		{208149F8-8242-403D-971F-831DC24CDE6B}.Release|x86.ActiveCfg = Release|Any CPU
		{208149F8-8242-403D-971F-831DC24CDE6B}.Release|x86.Build.0 = Release|Any CPU
		{BA8F51AA-8629-455D-8AED-EE366703AC1C}.Debug|Any CPU.ActiveCfg = Debug|Any CPU
		{BA8F51AA-8629-455D-8AED-EE366703AC1C}.Debug|Any CPU.Build.0 = Debug|Any CPU
		{BA8F51AA-8629-455D-8AED-EE366703AC1C}.Debug|x64.ActiveCfg = Debug|Any CPU
		{BA8F51AA-8629-455D-8AED-EE366703AC1C}.Debug|x64.Build.0 = Debug|Any CPU
		{BA8F51AA-8629-455D-8AED-EE366703AC1C}.Debug|x86.ActiveCfg = Debug|Any CPU
		{BA8F51AA-8629-455D-8AED-EE366703AC1C}.Debug|x86.Build.0 = Debug|Any CPU
		{BA8F51AA-8629-455D-8AED-EE366703AC1C}.Release|Any CPU.ActiveCfg = Release|Any CPU
		{BA8F51AA-8629-455D-8AED-EE366703AC1C}.Release|Any CPU.Build.0 = Release|Any CPU
		{BA8F51AA-8629-455D-8AED-EE366703AC1C}.Release|x64.ActiveCfg = Release|Any CPU
		{BA8F51AA-8629-455D-8AED-EE366703AC1C}.Release|x64.Build.0 = Release|Any CPU
		{BA8F51AA-8629-455D-8AED-EE366703AC1C}.Release|x86.ActiveCfg = Release|Any CPU
		{BA8F51AA-8629-455D-8AED-EE366703AC1C}.Release|x86.Build.0 = Release|Any CPU
		{DFFD9BE3-3634-4CEB-8B56-5C6D4B21E8B8}.Debug|Any CPU.ActiveCfg = Debug|Any CPU
		{DFFD9BE3-3634-4CEB-8B56-5C6D4B21E8B8}.Debug|Any CPU.Build.0 = Debug|Any CPU
		{DFFD9BE3-3634-4CEB-8B56-5C6D4B21E8B8}.Debug|x64.ActiveCfg = Debug|Any CPU
		{DFFD9BE3-3634-4CEB-8B56-5C6D4B21E8B8}.Debug|x64.Build.0 = Debug|Any CPU
		{DFFD9BE3-3634-4CEB-8B56-5C6D4B21E8B8}.Debug|x86.ActiveCfg = Debug|Any CPU
		{DFFD9BE3-3634-4CEB-8B56-5C6D4B21E8B8}.Debug|x86.Build.0 = Debug|Any CPU
		{DFFD9BE3-3634-4CEB-8B56-5C6D4B21E8B8}.Release|Any CPU.ActiveCfg = Release|Any CPU
		{DFFD9BE3-3634-4CEB-8B56-5C6D4B21E8B8}.Release|Any CPU.Build.0 = Release|Any CPU
		{DFFD9BE3-3634-4CEB-8B56-5C6D4B21E8B8}.Release|x64.ActiveCfg = Release|Any CPU
		{DFFD9BE3-3634-4CEB-8B56-5C6D4B21E8B8}.Release|x64.Build.0 = Release|Any CPU
		{DFFD9BE3-3634-4CEB-8B56-5C6D4B21E8B8}.Release|x86.ActiveCfg = Release|Any CPU
		{DFFD9BE3-3634-4CEB-8B56-5C6D4B21E8B8}.Release|x86.Build.0 = Release|Any CPU
		{BCC47521-1FA1-46A8-918E-18DA8831BE67}.Debug|Any CPU.ActiveCfg = Debug|Any CPU
		{BCC47521-1FA1-46A8-918E-18DA8831BE67}.Debug|Any CPU.Build.0 = Debug|Any CPU
		{BCC47521-1FA1-46A8-918E-18DA8831BE67}.Debug|x64.ActiveCfg = Debug|Any CPU
		{BCC47521-1FA1-46A8-918E-18DA8831BE67}.Debug|x64.Build.0 = Debug|Any CPU
		{BCC47521-1FA1-46A8-918E-18DA8831BE67}.Debug|x86.ActiveCfg = Debug|Any CPU
		{BCC47521-1FA1-46A8-918E-18DA8831BE67}.Debug|x86.Build.0 = Debug|Any CPU
		{BCC47521-1FA1-46A8-918E-18DA8831BE67}.Release|Any CPU.ActiveCfg = Release|Any CPU
		{BCC47521-1FA1-46A8-918E-18DA8831BE67}.Release|Any CPU.Build.0 = Release|Any CPU
		{BCC47521-1FA1-46A8-918E-18DA8831BE67}.Release|x64.ActiveCfg = Release|Any CPU
		{BCC47521-1FA1-46A8-918E-18DA8831BE67}.Release|x64.Build.0 = Release|Any CPU
		{BCC47521-1FA1-46A8-918E-18DA8831BE67}.Release|x86.ActiveCfg = Release|Any CPU
		{BCC47521-1FA1-46A8-918E-18DA8831BE67}.Release|x86.Build.0 = Release|Any CPU
		{CCBB749C-E6C2-42CF-B6C9-F230AC04867D}.Debug|Any CPU.ActiveCfg = Debug|Any CPU
		{CCBB749C-E6C2-42CF-B6C9-F230AC04867D}.Debug|Any CPU.Build.0 = Debug|Any CPU
		{CCBB749C-E6C2-42CF-B6C9-F230AC04867D}.Debug|x64.ActiveCfg = Debug|Any CPU
		{CCBB749C-E6C2-42CF-B6C9-F230AC04867D}.Debug|x64.Build.0 = Debug|Any CPU
		{CCBB749C-E6C2-42CF-B6C9-F230AC04867D}.Debug|x86.ActiveCfg = Debug|Any CPU
		{CCBB749C-E6C2-42CF-B6C9-F230AC04867D}.Debug|x86.Build.0 = Debug|Any CPU
		{CCBB749C-E6C2-42CF-B6C9-F230AC04867D}.Release|Any CPU.ActiveCfg = Release|Any CPU
		{CCBB749C-E6C2-42CF-B6C9-F230AC04867D}.Release|Any CPU.Build.0 = Release|Any CPU
		{CCBB749C-E6C2-42CF-B6C9-F230AC04867D}.Release|x64.ActiveCfg = Release|Any CPU
		{CCBB749C-E6C2-42CF-B6C9-F230AC04867D}.Release|x64.Build.0 = Release|Any CPU
		{CCBB749C-E6C2-42CF-B6C9-F230AC04867D}.Release|x86.ActiveCfg = Release|Any CPU
		{CCBB749C-E6C2-42CF-B6C9-F230AC04867D}.Release|x86.Build.0 = Release|Any CPU
		{9E555482-928A-4B76-AAF6-03D04EE173D0}.Debug|Any CPU.ActiveCfg = Debug|Any CPU
		{9E555482-928A-4B76-AAF6-03D04EE173D0}.Debug|Any CPU.Build.0 = Debug|Any CPU
		{9E555482-928A-4B76-AAF6-03D04EE173D0}.Debug|x64.ActiveCfg = Debug|Any CPU
		{9E555482-928A-4B76-AAF6-03D04EE173D0}.Debug|x64.Build.0 = Debug|Any CPU
		{9E555482-928A-4B76-AAF6-03D04EE173D0}.Debug|x86.ActiveCfg = Debug|Any CPU
		{9E555482-928A-4B76-AAF6-03D04EE173D0}.Debug|x86.Build.0 = Debug|Any CPU
		{9E555482-928A-4B76-AAF6-03D04EE173D0}.Release|Any CPU.ActiveCfg = Release|Any CPU
		{9E555482-928A-4B76-AAF6-03D04EE173D0}.Release|Any CPU.Build.0 = Release|Any CPU
		{9E555482-928A-4B76-AAF6-03D04EE173D0}.Release|x64.ActiveCfg = Release|Any CPU
		{9E555482-928A-4B76-AAF6-03D04EE173D0}.Release|x64.Build.0 = Release|Any CPU
		{9E555482-928A-4B76-AAF6-03D04EE173D0}.Release|x86.ActiveCfg = Release|Any CPU
		{9E555482-928A-4B76-AAF6-03D04EE173D0}.Release|x86.Build.0 = Release|Any CPU
		{69B4BFDC-FD71-4D63-BAD0-FE3CA93943E2}.Debug|Any CPU.ActiveCfg = Debug|Any CPU
		{69B4BFDC-FD71-4D63-BAD0-FE3CA93943E2}.Debug|Any CPU.Build.0 = Debug|Any CPU
		{69B4BFDC-FD71-4D63-BAD0-FE3CA93943E2}.Debug|x64.ActiveCfg = Debug|Any CPU
		{69B4BFDC-FD71-4D63-BAD0-FE3CA93943E2}.Debug|x64.Build.0 = Debug|Any CPU
		{69B4BFDC-FD71-4D63-BAD0-FE3CA93943E2}.Debug|x86.ActiveCfg = Debug|Any CPU
		{69B4BFDC-FD71-4D63-BAD0-FE3CA93943E2}.Debug|x86.Build.0 = Debug|Any CPU
		{69B4BFDC-FD71-4D63-BAD0-FE3CA93943E2}.Release|Any CPU.ActiveCfg = Release|Any CPU
		{69B4BFDC-FD71-4D63-BAD0-FE3CA93943E2}.Release|Any CPU.Build.0 = Release|Any CPU
		{69B4BFDC-FD71-4D63-BAD0-FE3CA93943E2}.Release|x64.ActiveCfg = Release|Any CPU
		{69B4BFDC-FD71-4D63-BAD0-FE3CA93943E2}.Release|x64.Build.0 = Release|Any CPU
		{69B4BFDC-FD71-4D63-BAD0-FE3CA93943E2}.Release|x86.ActiveCfg = Release|Any CPU
		{69B4BFDC-FD71-4D63-BAD0-FE3CA93943E2}.Release|x86.Build.0 = Release|Any CPU
		{2E1A683C-FE46-4534-B9B2-D4DB14A6D6A9}.Debug|Any CPU.ActiveCfg = Debug|Any CPU
		{2E1A683C-FE46-4534-B9B2-D4DB14A6D6A9}.Debug|Any CPU.Build.0 = Debug|Any CPU
		{2E1A683C-FE46-4534-B9B2-D4DB14A6D6A9}.Debug|x64.ActiveCfg = Debug|Any CPU
		{2E1A683C-FE46-4534-B9B2-D4DB14A6D6A9}.Debug|x64.Build.0 = Debug|Any CPU
		{2E1A683C-FE46-4534-B9B2-D4DB14A6D6A9}.Debug|x86.ActiveCfg = Debug|Any CPU
		{2E1A683C-FE46-4534-B9B2-D4DB14A6D6A9}.Debug|x86.Build.0 = Debug|Any CPU
		{2E1A683C-FE46-4534-B9B2-D4DB14A6D6A9}.Release|Any CPU.ActiveCfg = Release|Any CPU
		{2E1A683C-FE46-4534-B9B2-D4DB14A6D6A9}.Release|Any CPU.Build.0 = Release|Any CPU
		{2E1A683C-FE46-4534-B9B2-D4DB14A6D6A9}.Release|x64.ActiveCfg = Release|Any CPU
		{2E1A683C-FE46-4534-B9B2-D4DB14A6D6A9}.Release|x64.Build.0 = Release|Any CPU
		{2E1A683C-FE46-4534-B9B2-D4DB14A6D6A9}.Release|x86.ActiveCfg = Release|Any CPU
		{2E1A683C-FE46-4534-B9B2-D4DB14A6D6A9}.Release|x86.Build.0 = Release|Any CPU
		{51F5D79B-A159-45C9-8F7B-DB1BBDD4F0A6}.Debug|Any CPU.ActiveCfg = Debug|Any CPU
		{51F5D79B-A159-45C9-8F7B-DB1BBDD4F0A6}.Debug|Any CPU.Build.0 = Debug|Any CPU
		{51F5D79B-A159-45C9-8F7B-DB1BBDD4F0A6}.Debug|x64.ActiveCfg = Debug|Any CPU
		{51F5D79B-A159-45C9-8F7B-DB1BBDD4F0A6}.Debug|x64.Build.0 = Debug|Any CPU
		{51F5D79B-A159-45C9-8F7B-DB1BBDD4F0A6}.Debug|x86.ActiveCfg = Debug|Any CPU
		{51F5D79B-A159-45C9-8F7B-DB1BBDD4F0A6}.Debug|x86.Build.0 = Debug|Any CPU
		{51F5D79B-A159-45C9-8F7B-DB1BBDD4F0A6}.Release|Any CPU.ActiveCfg = Release|Any CPU
		{51F5D79B-A159-45C9-8F7B-DB1BBDD4F0A6}.Release|Any CPU.Build.0 = Release|Any CPU
		{51F5D79B-A159-45C9-8F7B-DB1BBDD4F0A6}.Release|x64.ActiveCfg = Release|Any CPU
		{51F5D79B-A159-45C9-8F7B-DB1BBDD4F0A6}.Release|x64.Build.0 = Release|Any CPU
		{51F5D79B-A159-45C9-8F7B-DB1BBDD4F0A6}.Release|x86.ActiveCfg = Release|Any CPU
		{51F5D79B-A159-45C9-8F7B-DB1BBDD4F0A6}.Release|x86.Build.0 = Release|Any CPU
		{D78927D7-C574-4579-8ADB-9F03A7CC724E}.Debug|Any CPU.ActiveCfg = Debug|Any CPU
		{D78927D7-C574-4579-8ADB-9F03A7CC724E}.Debug|Any CPU.Build.0 = Debug|Any CPU
		{D78927D7-C574-4579-8ADB-9F03A7CC724E}.Debug|x64.ActiveCfg = Debug|Any CPU
		{D78927D7-C574-4579-8ADB-9F03A7CC724E}.Debug|x64.Build.0 = Debug|Any CPU
		{D78927D7-C574-4579-8ADB-9F03A7CC724E}.Debug|x86.ActiveCfg = Debug|Any CPU
		{D78927D7-C574-4579-8ADB-9F03A7CC724E}.Debug|x86.Build.0 = Debug|Any CPU
		{D78927D7-C574-4579-8ADB-9F03A7CC724E}.Release|Any CPU.ActiveCfg = Release|Any CPU
		{D78927D7-C574-4579-8ADB-9F03A7CC724E}.Release|Any CPU.Build.0 = Release|Any CPU
		{D78927D7-C574-4579-8ADB-9F03A7CC724E}.Release|x64.ActiveCfg = Release|Any CPU
		{D78927D7-C574-4579-8ADB-9F03A7CC724E}.Release|x64.Build.0 = Release|Any CPU
		{D78927D7-C574-4579-8ADB-9F03A7CC724E}.Release|x86.ActiveCfg = Release|Any CPU
		{D78927D7-C574-4579-8ADB-9F03A7CC724E}.Release|x86.Build.0 = Release|Any CPU
		{821AB754-C542-4FD2-ADAA-C46E58AC5733}.Debug|Any CPU.ActiveCfg = Debug|Any CPU
		{821AB754-C542-4FD2-ADAA-C46E58AC5733}.Debug|Any CPU.Build.0 = Debug|Any CPU
		{821AB754-C542-4FD2-ADAA-C46E58AC5733}.Debug|x64.ActiveCfg = Debug|Any CPU
		{821AB754-C542-4FD2-ADAA-C46E58AC5733}.Debug|x64.Build.0 = Debug|Any CPU
		{821AB754-C542-4FD2-ADAA-C46E58AC5733}.Debug|x86.ActiveCfg = Debug|Any CPU
		{821AB754-C542-4FD2-ADAA-C46E58AC5733}.Debug|x86.Build.0 = Debug|Any CPU
		{821AB754-C542-4FD2-ADAA-C46E58AC5733}.Release|Any CPU.ActiveCfg = Release|Any CPU
		{821AB754-C542-4FD2-ADAA-C46E58AC5733}.Release|Any CPU.Build.0 = Release|Any CPU
		{821AB754-C542-4FD2-ADAA-C46E58AC5733}.Release|x64.ActiveCfg = Release|Any CPU
		{821AB754-C542-4FD2-ADAA-C46E58AC5733}.Release|x64.Build.0 = Release|Any CPU
		{821AB754-C542-4FD2-ADAA-C46E58AC5733}.Release|x86.ActiveCfg = Release|Any CPU
		{821AB754-C542-4FD2-ADAA-C46E58AC5733}.Release|x86.Build.0 = Release|Any CPU
		{5A82D144-F8F7-4086-92B7-1AB996EDE3AD}.Debug|Any CPU.ActiveCfg = Debug|Any CPU
		{5A82D144-F8F7-4086-92B7-1AB996EDE3AD}.Debug|Any CPU.Build.0 = Debug|Any CPU
		{5A82D144-F8F7-4086-92B7-1AB996EDE3AD}.Debug|x64.ActiveCfg = Debug|Any CPU
		{5A82D144-F8F7-4086-92B7-1AB996EDE3AD}.Debug|x64.Build.0 = Debug|Any CPU
		{5A82D144-F8F7-4086-92B7-1AB996EDE3AD}.Debug|x86.ActiveCfg = Debug|Any CPU
		{5A82D144-F8F7-4086-92B7-1AB996EDE3AD}.Debug|x86.Build.0 = Debug|Any CPU
		{5A82D144-F8F7-4086-92B7-1AB996EDE3AD}.Release|Any CPU.ActiveCfg = Release|Any CPU
		{5A82D144-F8F7-4086-92B7-1AB996EDE3AD}.Release|Any CPU.Build.0 = Release|Any CPU
		{5A82D144-F8F7-4086-92B7-1AB996EDE3AD}.Release|x64.ActiveCfg = Release|Any CPU
		{5A82D144-F8F7-4086-92B7-1AB996EDE3AD}.Release|x64.Build.0 = Release|Any CPU
		{5A82D144-F8F7-4086-92B7-1AB996EDE3AD}.Release|x86.ActiveCfg = Release|Any CPU
		{5A82D144-F8F7-4086-92B7-1AB996EDE3AD}.Release|x86.Build.0 = Release|Any CPU
		{1D319BC9-369A-454C-8F80-143BB2AB42C8}.Debug|Any CPU.ActiveCfg = Debug|Any CPU
		{1D319BC9-369A-454C-8F80-143BB2AB42C8}.Debug|Any CPU.Build.0 = Debug|Any CPU
		{1D319BC9-369A-454C-8F80-143BB2AB42C8}.Debug|x64.ActiveCfg = Debug|Any CPU
		{1D319BC9-369A-454C-8F80-143BB2AB42C8}.Debug|x64.Build.0 = Debug|Any CPU
		{1D319BC9-369A-454C-8F80-143BB2AB42C8}.Debug|x86.ActiveCfg = Debug|Any CPU
		{1D319BC9-369A-454C-8F80-143BB2AB42C8}.Debug|x86.Build.0 = Debug|Any CPU
		{1D319BC9-369A-454C-8F80-143BB2AB42C8}.Release|Any CPU.ActiveCfg = Release|Any CPU
		{1D319BC9-369A-454C-8F80-143BB2AB42C8}.Release|Any CPU.Build.0 = Release|Any CPU
		{1D319BC9-369A-454C-8F80-143BB2AB42C8}.Release|x64.ActiveCfg = Release|Any CPU
		{1D319BC9-369A-454C-8F80-143BB2AB42C8}.Release|x64.Build.0 = Release|Any CPU
		{1D319BC9-369A-454C-8F80-143BB2AB42C8}.Release|x86.ActiveCfg = Release|Any CPU
		{1D319BC9-369A-454C-8F80-143BB2AB42C8}.Release|x86.Build.0 = Release|Any CPU
		{7EAD8006-4628-4FB4-A07C-C29FCD874F6D}.Debug|Any CPU.ActiveCfg = Debug|Any CPU
		{7EAD8006-4628-4FB4-A07C-C29FCD874F6D}.Debug|Any CPU.Build.0 = Debug|Any CPU
		{7EAD8006-4628-4FB4-A07C-C29FCD874F6D}.Debug|x64.ActiveCfg = Debug|Any CPU
		{7EAD8006-4628-4FB4-A07C-C29FCD874F6D}.Debug|x64.Build.0 = Debug|Any CPU
		{7EAD8006-4628-4FB4-A07C-C29FCD874F6D}.Debug|x86.ActiveCfg = Debug|Any CPU
		{7EAD8006-4628-4FB4-A07C-C29FCD874F6D}.Debug|x86.Build.0 = Debug|Any CPU
		{7EAD8006-4628-4FB4-A07C-C29FCD874F6D}.Release|Any CPU.ActiveCfg = Release|Any CPU
		{7EAD8006-4628-4FB4-A07C-C29FCD874F6D}.Release|Any CPU.Build.0 = Release|Any CPU
		{7EAD8006-4628-4FB4-A07C-C29FCD874F6D}.Release|x64.ActiveCfg = Release|Any CPU
		{7EAD8006-4628-4FB4-A07C-C29FCD874F6D}.Release|x64.Build.0 = Release|Any CPU
		{7EAD8006-4628-4FB4-A07C-C29FCD874F6D}.Release|x86.ActiveCfg = Release|Any CPU
		{7EAD8006-4628-4FB4-A07C-C29FCD874F6D}.Release|x86.Build.0 = Release|Any CPU
		{AC3FB1E4-B36D-4517-A4AD-C50705EF2E44}.Debug|Any CPU.ActiveCfg = Debug|Any CPU
		{AC3FB1E4-B36D-4517-A4AD-C50705EF2E44}.Debug|Any CPU.Build.0 = Debug|Any CPU
		{AC3FB1E4-B36D-4517-A4AD-C50705EF2E44}.Debug|x64.ActiveCfg = Debug|Any CPU
		{AC3FB1E4-B36D-4517-A4AD-C50705EF2E44}.Debug|x64.Build.0 = Debug|Any CPU
		{AC3FB1E4-B36D-4517-A4AD-C50705EF2E44}.Debug|x86.ActiveCfg = Debug|Any CPU
		{AC3FB1E4-B36D-4517-A4AD-C50705EF2E44}.Debug|x86.Build.0 = Debug|Any CPU
		{AC3FB1E4-B36D-4517-A4AD-C50705EF2E44}.Release|Any CPU.ActiveCfg = Release|Any CPU
		{AC3FB1E4-B36D-4517-A4AD-C50705EF2E44}.Release|Any CPU.Build.0 = Release|Any CPU
		{AC3FB1E4-B36D-4517-A4AD-C50705EF2E44}.Release|x64.ActiveCfg = Release|Any CPU
		{AC3FB1E4-B36D-4517-A4AD-C50705EF2E44}.Release|x64.Build.0 = Release|Any CPU
		{AC3FB1E4-B36D-4517-A4AD-C50705EF2E44}.Release|x86.ActiveCfg = Release|Any CPU
		{AC3FB1E4-B36D-4517-A4AD-C50705EF2E44}.Release|x86.Build.0 = Release|Any CPU
		{CBBDE931-EF7A-4636-899A-0A5183219CCA}.Debug|Any CPU.ActiveCfg = Debug|Any CPU
		{CBBDE931-EF7A-4636-899A-0A5183219CCA}.Debug|Any CPU.Build.0 = Debug|Any CPU
		{CBBDE931-EF7A-4636-899A-0A5183219CCA}.Debug|x64.ActiveCfg = Debug|Any CPU
		{CBBDE931-EF7A-4636-899A-0A5183219CCA}.Debug|x64.Build.0 = Debug|Any CPU
		{CBBDE931-EF7A-4636-899A-0A5183219CCA}.Debug|x86.ActiveCfg = Debug|Any CPU
		{CBBDE931-EF7A-4636-899A-0A5183219CCA}.Debug|x86.Build.0 = Debug|Any CPU
		{CBBDE931-EF7A-4636-899A-0A5183219CCA}.Release|Any CPU.ActiveCfg = Release|Any CPU
		{CBBDE931-EF7A-4636-899A-0A5183219CCA}.Release|Any CPU.Build.0 = Release|Any CPU
		{CBBDE931-EF7A-4636-899A-0A5183219CCA}.Release|x64.ActiveCfg = Release|Any CPU
		{CBBDE931-EF7A-4636-899A-0A5183219CCA}.Release|x64.Build.0 = Release|Any CPU
		{CBBDE931-EF7A-4636-899A-0A5183219CCA}.Release|x86.ActiveCfg = Release|Any CPU
		{CBBDE931-EF7A-4636-899A-0A5183219CCA}.Release|x86.Build.0 = Release|Any CPU
		{92C7F546-BBEE-4832-8AA0-CE45A98E706C}.Debug|Any CPU.ActiveCfg = Debug|Any CPU
		{92C7F546-BBEE-4832-8AA0-CE45A98E706C}.Debug|Any CPU.Build.0 = Debug|Any CPU
		{92C7F546-BBEE-4832-8AA0-CE45A98E706C}.Debug|x64.ActiveCfg = Debug|Any CPU
		{92C7F546-BBEE-4832-8AA0-CE45A98E706C}.Debug|x64.Build.0 = Debug|Any CPU
		{92C7F546-BBEE-4832-8AA0-CE45A98E706C}.Debug|x86.ActiveCfg = Debug|Any CPU
		{92C7F546-BBEE-4832-8AA0-CE45A98E706C}.Debug|x86.Build.0 = Debug|Any CPU
		{92C7F546-BBEE-4832-8AA0-CE45A98E706C}.Release|Any CPU.ActiveCfg = Release|Any CPU
		{92C7F546-BBEE-4832-8AA0-CE45A98E706C}.Release|Any CPU.Build.0 = Release|Any CPU
		{92C7F546-BBEE-4832-8AA0-CE45A98E706C}.Release|x64.ActiveCfg = Release|Any CPU
		{92C7F546-BBEE-4832-8AA0-CE45A98E706C}.Release|x64.Build.0 = Release|Any CPU
		{92C7F546-BBEE-4832-8AA0-CE45A98E706C}.Release|x86.ActiveCfg = Release|Any CPU
		{92C7F546-BBEE-4832-8AA0-CE45A98E706C}.Release|x86.Build.0 = Release|Any CPU
		{588CD603-3510-4110-89BE-BA6B265BFDBB}.Debug|Any CPU.ActiveCfg = Debug|Any CPU
		{588CD603-3510-4110-89BE-BA6B265BFDBB}.Debug|Any CPU.Build.0 = Debug|Any CPU
		{588CD603-3510-4110-89BE-BA6B265BFDBB}.Debug|x64.ActiveCfg = Debug|Any CPU
		{588CD603-3510-4110-89BE-BA6B265BFDBB}.Debug|x64.Build.0 = Debug|Any CPU
		{588CD603-3510-4110-89BE-BA6B265BFDBB}.Debug|x86.ActiveCfg = Debug|Any CPU
		{588CD603-3510-4110-89BE-BA6B265BFDBB}.Debug|x86.Build.0 = Debug|Any CPU
		{588CD603-3510-4110-89BE-BA6B265BFDBB}.Release|Any CPU.ActiveCfg = Release|Any CPU
		{588CD603-3510-4110-89BE-BA6B265BFDBB}.Release|Any CPU.Build.0 = Release|Any CPU
		{588CD603-3510-4110-89BE-BA6B265BFDBB}.Release|x64.ActiveCfg = Release|Any CPU
		{588CD603-3510-4110-89BE-BA6B265BFDBB}.Release|x64.Build.0 = Release|Any CPU
		{588CD603-3510-4110-89BE-BA6B265BFDBB}.Release|x86.ActiveCfg = Release|Any CPU
		{588CD603-3510-4110-89BE-BA6B265BFDBB}.Release|x86.Build.0 = Release|Any CPU
		{AAA71487-E854-4003-8F5A-7B6CB7797193}.Debug|Any CPU.ActiveCfg = Debug|Any CPU
		{AAA71487-E854-4003-8F5A-7B6CB7797193}.Debug|Any CPU.Build.0 = Debug|Any CPU
		{AAA71487-E854-4003-8F5A-7B6CB7797193}.Debug|x64.ActiveCfg = Debug|Any CPU
		{AAA71487-E854-4003-8F5A-7B6CB7797193}.Debug|x64.Build.0 = Debug|Any CPU
		{AAA71487-E854-4003-8F5A-7B6CB7797193}.Debug|x86.ActiveCfg = Debug|Any CPU
		{AAA71487-E854-4003-8F5A-7B6CB7797193}.Debug|x86.Build.0 = Debug|Any CPU
		{AAA71487-E854-4003-8F5A-7B6CB7797193}.Release|Any CPU.ActiveCfg = Release|Any CPU
		{AAA71487-E854-4003-8F5A-7B6CB7797193}.Release|Any CPU.Build.0 = Release|Any CPU
		{AAA71487-E854-4003-8F5A-7B6CB7797193}.Release|x64.ActiveCfg = Release|Any CPU
		{AAA71487-E854-4003-8F5A-7B6CB7797193}.Release|x64.Build.0 = Release|Any CPU
		{AAA71487-E854-4003-8F5A-7B6CB7797193}.Release|x86.ActiveCfg = Release|Any CPU
		{AAA71487-E854-4003-8F5A-7B6CB7797193}.Release|x86.Build.0 = Release|Any CPU
		{5FD9888F-A239-4AB6-852C-CA6393BAE76A}.Debug|Any CPU.ActiveCfg = Debug|Any CPU
		{5FD9888F-A239-4AB6-852C-CA6393BAE76A}.Debug|Any CPU.Build.0 = Debug|Any CPU
		{5FD9888F-A239-4AB6-852C-CA6393BAE76A}.Debug|x64.ActiveCfg = Debug|Any CPU
		{5FD9888F-A239-4AB6-852C-CA6393BAE76A}.Debug|x64.Build.0 = Debug|Any CPU
		{5FD9888F-A239-4AB6-852C-CA6393BAE76A}.Debug|x86.ActiveCfg = Debug|Any CPU
		{5FD9888F-A239-4AB6-852C-CA6393BAE76A}.Debug|x86.Build.0 = Debug|Any CPU
		{5FD9888F-A239-4AB6-852C-CA6393BAE76A}.Release|Any CPU.ActiveCfg = Release|Any CPU
		{5FD9888F-A239-4AB6-852C-CA6393BAE76A}.Release|Any CPU.Build.0 = Release|Any CPU
		{5FD9888F-A239-4AB6-852C-CA6393BAE76A}.Release|x64.ActiveCfg = Release|Any CPU
		{5FD9888F-A239-4AB6-852C-CA6393BAE76A}.Release|x64.Build.0 = Release|Any CPU
		{5FD9888F-A239-4AB6-852C-CA6393BAE76A}.Release|x86.ActiveCfg = Release|Any CPU
		{5FD9888F-A239-4AB6-852C-CA6393BAE76A}.Release|x86.Build.0 = Release|Any CPU
	EndGlobalSection
	GlobalSection(SolutionProperties) = preSolution
		HideSolutionNode = FALSE
	EndGlobalSection
	GlobalSection(ExtensibilityGlobals) = postSolution
		SolutionGuid = {3189D316-BE7B-4AB0-90A5-7E1CC577F57B}
	EndGlobalSection
EndGlobal
